
Microsoft Visual Studio Solution File, Format Version 12.00
# Visual Studio 15
VisualStudioVersion = 15.0.27130.2036
MinimumVisualStudioVersion = 10.0.40219.1
Project("{FAE04EC0-301F-11D3-BF4B-00C04F79EFBC}") = "AssessmentPt2", "AssessmentPt2\AssessmentPt2.csproj", "{AFF42128-973D-4B5E-9E4B-6963976BB182}"
EndProject
Global
	GlobalSection(SolutionConfigurationPlatforms) = preSolution
		Debug|Any CPU = Debug|Any CPU
		Release|Any CPU = Release|Any CPU
	EndGlobalSection
	GlobalSection(ProjectConfigurationPlatforms) = postSolution
		{AFF42128-973D-4B5E-9E4B-6963976BB182}.Debug|Any CPU.ActiveCfg = Debug|Any CPU
		{AFF42128-973D-4B5E-9E4B-6963976BB182}.Debug|Any CPU.Build.0 = Debug|Any CPU
		{AFF42128-973D-4B5E-9E4B-6963976BB182}.Release|Any CPU.ActiveCfg = Release|Any CPU
		{AFF42128-973D-4B5E-9E4B-6963976BB182}.Release|Any CPU.Build.0 = Release|Any CPU
	EndGlobalSection
	GlobalSection(SolutionProperties) = preSolution
		HideSolutionNode = FALSE
	EndGlobalSection
	GlobalSection(ExtensibilityGlobals) = postSolution
		SolutionGuid = {85CE7FD1-4741-42E4-9806-6F1A8700A9B9}
	EndGlobalSection
EndGlobal
